
Microsoft Visual Studio Solution File, Format Version 12.00
# Visual Studio Version 16
VisualStudioVersion = 16.0.30907.101
MinimumVisualStudioVersion = 10.0.40219.1
Project("{FAE04EC0-301F-11D3-BF4B-00C04F79EFBC}") = "DrugServiceAPIProject", "DrugServiceAPIProject.csproj", "{C818266E-29AD-4DDC-A040-8F8446F66C86}"
EndProject
Global
	GlobalSection(SolutionConfigurationPlatforms) = preSolution
		Debug|Any CPU = Debug|Any CPU
		Release|Any CPU = Release|Any CPU
	EndGlobalSection
	GlobalSection(ProjectConfigurationPlatforms) = postSolution
		{C818266E-29AD-4DDC-A040-8F8446F66C86}.Debug|Any CPU.ActiveCfg = Debug|Any CPU
		{C818266E-29AD-4DDC-A040-8F8446F66C86}.Debug|Any CPU.Build.0 = Debug|Any CPU
		{C818266E-29AD-4DDC-A040-8F8446F66C86}.Release|Any CPU.ActiveCfg = Release|Any CPU
		{C818266E-29AD-4DDC-A040-8F8446F66C86}.Release|Any CPU.Build.0 = Release|Any CPU
	EndGlobalSection
	GlobalSection(SolutionProperties) = preSolution
		HideSolutionNode = FALSE
	EndGlobalSection
	GlobalSection(ExtensibilityGlobals) = postSolution
		SolutionGuid = {E981C9E9-DFDD-49C5-B7F3-C41495B4327F}
	EndGlobalSection
EndGlobal
