
Microsoft Visual Studio Solution File, Format Version 12.00
# Visual Studio Version 16
VisualStudioVersion = 16.0.31005.135
MinimumVisualStudioVersion = 10.0.40219.1
Project("{FAE04EC0-301F-11D3-BF4B-00C04F79EFBC}") = "MailOrderMVCConsume", "MailOrderMVCConsume.csproj", "{9465DE37-EE8C-473F-BC9F-532F8825F267}"
EndProject
Global
	GlobalSection(SolutionConfigurationPlatforms) = preSolution
		Debug|Any CPU = Debug|Any CPU
		Release|Any CPU = Release|Any CPU
	EndGlobalSection
	GlobalSection(ProjectConfigurationPlatforms) = postSolution
		{9465DE37-EE8C-473F-BC9F-532F8825F267}.Debug|Any CPU.ActiveCfg = Debug|Any CPU
		{9465DE37-EE8C-473F-BC9F-532F8825F267}.Debug|Any CPU.Build.0 = Debug|Any CPU
		{9465DE37-EE8C-473F-BC9F-532F8825F267}.Release|Any CPU.ActiveCfg = Release|Any CPU
		{9465DE37-EE8C-473F-BC9F-532F8825F267}.Release|Any CPU.Build.0 = Release|Any CPU
	EndGlobalSection
	GlobalSection(SolutionProperties) = preSolution
		HideSolutionNode = FALSE
	EndGlobalSection
	GlobalSection(ExtensibilityGlobals) = postSolution
		SolutionGuid = {E850F6B6-0207-4F46-8894-5038223B20B1}
	EndGlobalSection
EndGlobal
